
Microsoft Visual Studio Solution File, Format Version 12.00
# Visual Studio 14
VisualStudioVersion = 14.0.23107.0
MinimumVisualStudioVersion = 10.0.40219.1
Project("{2150E333-8FDC-42A3-9474-1A3956D46DE8}") = "src", "src", "{4848A1BD-BE86-4B19-BBDB-E9AE5375771F}"
EndProject
Project("{2150E333-8FDC-42A3-9474-1A3956D46DE8}") = "Solution Items", "Solution Items", "{1E4FD0C9-1F56-4714-B1FC-C44E9AFC63FB}"
	ProjectSection(SolutionItems) = preProject
		global.json = global.json
	EndProjectSection
EndProject
Project("{8BB2217D-0F2D-49D1-97BC-3654ED321F3B}") = "vnext", "src\vnext\vnext.xproj", "{4B6B87FE-4911-4574-AA24-2B0FCFC1B24A}"
EndProject
Global
	GlobalSection(SolutionConfigurationPlatforms) = preSolution
		Debug|Any CPU = Debug|Any CPU
		Release|Any CPU = Release|Any CPU
	EndGlobalSection
	GlobalSection(ProjectConfigurationPlatforms) = postSolution
		{4B6B87FE-4911-4574-AA24-2B0FCFC1B24A}.Debug|Any CPU.ActiveCfg = Debug|Any CPU
		{4B6B87FE-4911-4574-AA24-2B0FCFC1B24A}.Debug|Any CPU.Build.0 = Debug|Any CPU
		{4B6B87FE-4911-4574-AA24-2B0FCFC1B24A}.Release|Any CPU.ActiveCfg = Release|Any CPU
		{4B6B87FE-4911-4574-AA24-2B0FCFC1B24A}.Release|Any CPU.Build.0 = Release|Any CPU
	EndGlobalSection
	GlobalSection(SolutionProperties) = preSolution
		HideSolutionNode = FALSE
	EndGlobalSection
	GlobalSection(NestedProjects) = preSolution
		{4B6B87FE-4911-4574-AA24-2B0FCFC1B24A} = {4848A1BD-BE86-4B19-BBDB-E9AE5375771F}
	EndGlobalSection
EndGlobal
